
Microsoft Visual Studio Solution File, Format Version 12.00
# Visual Studio Version 16
VisualStudioVersion = 16.0.28803.452
MinimumVisualStudioVersion = 10.0.40219.1
Project("{FAE04EC0-301F-11D3-BF4B-00C04F79EFBC}") = "SmallestPairSumInArray", "SmallestPairSumInArray\SmallestPairSumInArray.csproj", "{3F4F6D9E-1181-4E90-ACBE-A392E2108D0E}"
EndProject
Project("{FAE04EC0-301F-11D3-BF4B-00C04F79EFBC}") = "SmallestPairSumInArray.Tests", "SmallestPairSumInArray.Tests\SmallestPairSumInArray.Tests.csproj", "{9FAC03CA-9F91-4C95-9215-778468812805}"
EndProject
Global
	GlobalSection(SolutionConfigurationPlatforms) = preSolution
		Debug|Any CPU = Debug|Any CPU
		Release|Any CPU = Release|Any CPU
	EndGlobalSection
	GlobalSection(ProjectConfigurationPlatforms) = postSolution
		{3F4F6D9E-1181-4E90-ACBE-A392E2108D0E}.Debug|Any CPU.ActiveCfg = Debug|Any CPU
		{3F4F6D9E-1181-4E90-ACBE-A392E2108D0E}.Debug|Any CPU.Build.0 = Debug|Any CPU
		{3F4F6D9E-1181-4E90-ACBE-A392E2108D0E}.Release|Any CPU.ActiveCfg = Release|Any CPU
		{3F4F6D9E-1181-4E90-ACBE-A392E2108D0E}.Release|Any CPU.Build.0 = Release|Any CPU
		{9FAC03CA-9F91-4C95-9215-778468812805}.Debug|Any CPU.ActiveCfg = Debug|Any CPU
		{9FAC03CA-9F91-4C95-9215-778468812805}.Debug|Any CPU.Build.0 = Debug|Any CPU
		{9FAC03CA-9F91-4C95-9215-778468812805}.Release|Any CPU.ActiveCfg = Release|Any CPU
		{9FAC03CA-9F91-4C95-9215-778468812805}.Release|Any CPU.Build.0 = Release|Any CPU
	EndGlobalSection
	GlobalSection(SolutionProperties) = preSolution
		HideSolutionNode = FALSE
	EndGlobalSection
	GlobalSection(ExtensibilityGlobals) = postSolution
		SolutionGuid = {FC408031-C2AE-4E58-A693-080BA3619431}
	EndGlobalSection
EndGlobal
